
Microsoft Visual Studio Solution File, Format Version 12.00
Project("{FAE04EC0-301F-11D3-BF4B-00C04F79EFBC}") = "Domain", "Domain\Domain.csproj", "{C02D5CEB-C8BC-4CE5-A7F9-782F3FA8C117}"
EndProject
Project("{FAE04EC0-301F-11D3-BF4B-00C04F79EFBC}") = "Infrastructure", "Infrastructure\Infrastructure.csproj", "{6D3CD077-C029-41C5-9088-792C7FB11FE4}"
EndProject
Project("{FAE04EC0-301F-11D3-BF4B-00C04F79EFBC}") = "Api", "Api\Api.csproj", "{1EA3E5A4-5846-46A8-89A6-B8386F0956B2}"
EndProject
Global
	GlobalSection(SolutionConfigurationPlatforms) = preSolution
		Debug|Any CPU = Debug|Any CPU
		Release|Any CPU = Release|Any CPU
	EndGlobalSection
	GlobalSection(ProjectConfigurationPlatforms) = postSolution
		{C02D5CEB-C8BC-4CE5-A7F9-782F3FA8C117}.Debug|Any CPU.ActiveCfg = Debug|Any CPU
		{C02D5CEB-C8BC-4CE5-A7F9-782F3FA8C117}.Debug|Any CPU.Build.0 = Debug|Any CPU
		{C02D5CEB-C8BC-4CE5-A7F9-782F3FA8C117}.Release|Any CPU.ActiveCfg = Release|Any CPU
		{C02D5CEB-C8BC-4CE5-A7F9-782F3FA8C117}.Release|Any CPU.Build.0 = Release|Any CPU
		{6D3CD077-C029-41C5-9088-792C7FB11FE4}.Debug|Any CPU.ActiveCfg = Debug|Any CPU
		{6D3CD077-C029-41C5-9088-792C7FB11FE4}.Debug|Any CPU.Build.0 = Debug|Any CPU
		{6D3CD077-C029-41C5-9088-792C7FB11FE4}.Release|Any CPU.ActiveCfg = Release|Any CPU
		{6D3CD077-C029-41C5-9088-792C7FB11FE4}.Release|Any CPU.Build.0 = Release|Any CPU
		{1EA3E5A4-5846-46A8-89A6-B8386F0956B2}.Debug|Any CPU.ActiveCfg = Debug|Any CPU
		{1EA3E5A4-5846-46A8-89A6-B8386F0956B2}.Debug|Any CPU.Build.0 = Debug|Any CPU
		{1EA3E5A4-5846-46A8-89A6-B8386F0956B2}.Release|Any CPU.ActiveCfg = Release|Any CPU
		{1EA3E5A4-5846-46A8-89A6-B8386F0956B2}.Release|Any CPU.Build.0 = Release|Any CPU
	EndGlobalSection
EndGlobal
